<?xml version="1.0" encoding="utf-8"?>
<Project ToolsVersion="4.0" xmlns="http://schemas.microsoft.com/developer/msbuild/2003">
  <ItemGroup>
    <Filter Include="Source Files">
      <UniqueIdentifier>{4FC737F1-C7A5-4376-A066-2A32D752A2FF}</UniqueIdentifier>
      <Extensions>cpp;c;cc;cxx;c++;cppm;ixx;def;odl;idl;hpj;bat;asm;asmx</Extensions>
    </Filter>
    <Filter Include="Header Files">
      <UniqueIdentifier>{93995380-89BD-4b04-88EB-625FBE52EBFB}</UniqueIdentifier>
      <Extensions>h;hh;hpp;hxx;h++;hm;inl;inc;ipp;xsd</Extensions>
    </Filter>
    <Filter Include="Resource Files">
      <UniqueIdentifier>{67DA6AB6-F800-4c08-8B7A-83BB121AAD01}</UniqueIdentifier>
      <Extensions>rc;ico;cur;bmp;dlg;rc2;rct;bin;rgs;gif;jpg;jpeg;jpe;resx;tiff;tif;png;wav;mfcribbon-ms</Extensions>
    </Filter>
  </ItemGroup>
  <ItemGroup>
    <ClCompile Include="main.cpp">
      <Filter>Source Files</Filter>
    </ClCompile>
    <ClCompile Include="Tile.cpp">
      <Filter>Source Files</Filter>
    </ClCompile>
    <ClCompile Include="PositionToPixelConverter.cpp">
      <Filter>Source Files</Filter>
    </ClCompile>
    <ClCompile Include="WorldProperties.cpp">
      <Filter>Source Files</Filter>
    </ClCompile>
    <ClCompile Include="TShapeGenerator.cpp">
      <Filter>Source Files</Filter>
    </ClCompile>
    <ClCompile Include="RandomShapeGenerator.cpp">
      <Filter>Source Files</Filter>
    </ClCompile>
    <ClCompile Include="CollisionHandler.cpp">
      <Filter>Source Files</Filter>
    </ClCompile>
    <ClCompile Include="CollisionTable.cpp">
      <Filter>Source Files</Filter>
    </ClCompile>
    <ClCompile Include="Block.cpp">
      <Filter>Source Files</Filter>
    </ClCompile>
    <ClCompile Include="UserInputHandler.cpp">
      <Filter>Source Files</Filter>
    </ClCompile>
    <ClCompile Include="BlockMover.cpp">
      <Filter>Source Files</Filter>
    </ClCompile>
    <ClCompile Include="Renderer.cpp">
      <Filter>Source Files</Filter>
    </ClCompile>
    <ClCompile Include="IShapeGenerator.cpp">
      <Filter>Source Files</Filter>
    </ClCompile>
    <ClCompile Include="TileDestroyer.cpp">
      <Filter>Source Files</Filter>
    </ClCompile>
    <ClCompile Include="LShapeGenerator.cpp">
      <Filter>Source Files</Filter>
    </ClCompile>
    <ClCompile Include="ZShapeGenerator.cpp">
      <Filter>Source Files</Filter>
    </ClCompile>
    <ClCompile Include="SquareShapeGenerator.cpp">
      <Filter>Source Files</Filter>
    </ClCompile>
    <ClCompile Include="GameLoop.cpp">
      <Filter>Source Files</Filter>
    </ClCompile>
  </ItemGroup>
  <ItemGroup>
    <ClInclude Include="Tile.h">
      <Filter>Header Files</Filter>
    </ClInclude>
    <ClInclude Include="WorldDirection.h">
      <Filter>Header Files</Filter>
    </ClInclude>
    <ClInclude Include="PositionToPixelConverter.h">
      <Filter>Header Files</Filter>
    </ClInclude>
    <ClInclude Include="WorldProperties.h">
      <Filter>Header Files</Filter>
    </ClInclude>
    <ClInclude Include="ShapeGenerator.h">
      <Filter>Header Files</Filter>
    </ClInclude>
    <ClInclude Include="TShapeGenerator.h">
      <Filter>Header Files</Filter>
    </ClInclude>
    <ClInclude Include="RandomShapeGenerator.h">
      <Filter>Header Files</Filter>
    </ClInclude>
    <ClInclude Include="CollisionHandler.h">
      <Filter>Header Files</Filter>
    </ClInclude>
    <ClInclude Include="CollisionTable.h">
      <Filter>Header Files</Filter>
    </ClInclude>
    <ClInclude Include="Block.h">
      <Filter>Header Files</Filter>
    </ClInclude>
    <ClInclude Include="UserInputHandler.h">
      <Filter>Header Files</Filter>
    </ClInclude>
    <ClInclude Include="UserAction.h">
      <Filter>Header Files</Filter>
    </ClInclude>
    <ClInclude Include="BlockMover.h">
      <Filter>Header Files</Filter>
    </ClInclude>
    <ClInclude Include="Renderer.h">
      <Filter>Header Files</Filter>
    </ClInclude>
    <ClInclude Include="IShapeGenerator.h">
      <Filter>Header Files</Filter>
    </ClInclude>
    <ClInclude Include="TileDestroyer.h">
      <Filter>Header Files</Filter>
    </ClInclude>
    <ClInclude Include="LShapeGenerator.h">
      <Filter>Header Files</Filter>
    </ClInclude>
    <ClInclude Include="ZShapeGenerator.h">
      <Filter>Header Files</Filter>
    </ClInclude>
    <ClInclude Include="SquareShapeGenerator.h">
      <Filter>Header Files</Filter>
    </ClInclude>
    <ClInclude Include="main.h">
      <Filter>Header Files</Filter>
    </ClInclude>
    <ClInclude Include="GameLoop.h">
      <Filter>Header Files</Filter>
    </ClInclude>
  </ItemGroup>
</Project>